// !$*UTF8*$!
{
	archiveVersion = 1;
	classes = {
	};
	objectVersion = 50;
	objects = {

/* Begin PBXBuildFile section */
		046069B425D460E000268F73 /* SwiftUI.swift in Sources */ = {isa = PBXBuildFile; fileRef = 046069B325D460E000268F73 /* SwiftUI.swift */; };
		0497670523CB3B3C003C9CC6 /* AppDelegate.swift in Sources */ = {isa = PBXBuildFile; fileRef = 0497670423CB3B3C003C9CC6 /* AppDelegate.swift */; };
		0497670723CB3B3C003C9CC6 /* SceneDelegate.swift in Sources */ = {isa = PBXBuildFile; fileRef = 0497670623CB3B3C003C9CC6 /* SceneDelegate.swift */; };
		0497670923CB3B3C003C9CC6 /* UIKit.swift in Sources */ = {isa = PBXBuildFile; fileRef = 0497670823CB3B3C003C9CC6 /* UIKit.swift */; };
		0497670C23CB3B3C003C9CC6 /* Main.storyboard in Resources */ = {isa = PBXBuildFile; fileRef = 0497670A23CB3B3C003C9CC6 /* Main.storyboard */; };
		0497670E23CB3B3D003C9CC6 /* Assets.xcassets in Resources */ = {isa = PBXBuildFile; fileRef = 0497670D23CB3B3D003C9CC6 /* Assets.xcassets */; };
		0497671123CB3B3D003C9CC6 /* LaunchScreen.storyboard in Resources */ = {isa = PBXBuildFile; fileRef = 0497670F23CB3B3D003C9CC6 /* LaunchScreen.storyboard */; };
/* End PBXBuildFile section */

/* Begin PBXContainerItemProxy section */
		04F7B0F3245A0CD900A4D581 /* PBXContainerItemProxy */ = {
			isa = PBXContainerItemProxy;
			containerPortal = 04F7B0EF245A0CD900A4D581 /* API_Practice.xcodeproj */;
			proxyType = 2;
			remoteGlobalIDString = 040FFECB24522179007B607D;
			remoteInfo = API_Practice;
		};
/* End PBXContainerItemProxy section */

/* Begin PBXFileReference section */
		046069B325D460E000268F73 /* SwiftUI.swift */ = {isa = PBXFileReference; lastKnownFileType = sourcecode.swift; path = SwiftUI.swift; sourceTree = "<group>"; };
		0497670123CB3B3C003C9CC6 /* HELPER.app */ = {isa = PBXFileReference; explicitFileType = wrapper.application; includeInIndex = 0; path = HELPER.app; sourceTree = BUILT_PRODUCTS_DIR; };
		0497670423CB3B3C003C9CC6 /* AppDelegate.swift */ = {isa = PBXFileReference; lastKnownFileType = sourcecode.swift; path = AppDelegate.swift; sourceTree = "<group>"; };
		0497670623CB3B3C003C9CC6 /* SceneDelegate.swift */ = {isa = PBXFileReference; lastKnownFileType = sourcecode.swift; path = SceneDelegate.swift; sourceTree = "<group>"; };
		0497670823CB3B3C003C9CC6 /* UIKit.swift */ = {isa = PBXFileReference; lastKnownFileType = sourcecode.swift; path = UIKit.swift; sourceTree = "<group>"; };
		0497670B23CB3B3C003C9CC6 /* Base */ = {isa = PBXFileReference; lastKnownFileType = file.storyboard; name = Base; path = Base.lproj/Main.storyboard; sourceTree = "<group>"; };
		0497670D23CB3B3D003C9CC6 /* Assets.xcassets */ = {isa = PBXFileReference; lastKnownFileType = folder.assetcatalog; path = Assets.xcassets; sourceTree = "<group>"; };
		0497671023CB3B3D003C9CC6 /* Base */ = {isa = PBXFileReference; lastKnownFileType = file.storyboard; name = Base; path = Base.lproj/LaunchScreen.storyboard; sourceTree = "<group>"; };
		0497671223CB3B3D003C9CC6 /* Info.plist */ = {isa = PBXFileReference; lastKnownFileType = text.plist.xml; path = Info.plist; sourceTree = "<group>"; };
		04F7B0EF245A0CD900A4D581 /* API_Practice.xcodeproj */ = {isa = PBXFileReference; lastKnownFileType = "wrapper.pb-project"; name = API_Practice.xcodeproj; path = ../../API_Practice/API_Practice.xcodeproj; sourceTree = "<group>"; };
/* End PBXFileReference section */

/* Begin PBXFrameworksBuildPhase section */
		049766FE23CB3B3C003C9CC6 /* Frameworks */ = {
			isa = PBXFrameworksBuildPhase;
			buildActionMask = 2147483647;
			files = (
			);
			runOnlyForDeploymentPostprocessing = 0;
		};
/* End PBXFrameworksBuildPhase section */

/* Begin PBXGroup section */
		049766F823CB3B3C003C9CC6 = {
			isa = PBXGroup;
			children = (
				04F7B0EF245A0CD900A4D581 /* API_Practice.xcodeproj */,
				0497670323CB3B3C003C9CC6 /* HELPER */,
				0497670223CB3B3C003C9CC6 /* Products */,
			);
			sourceTree = "<group>";
		};
		0497670223CB3B3C003C9CC6 /* Products */ = {
			isa = PBXGroup;
			children = (
				0497670123CB3B3C003C9CC6 /* HELPER.app */,
			);
			name = Products;
			sourceTree = "<group>";
		};
		0497670323CB3B3C003C9CC6 /* HELPER */ = {
			isa = PBXGroup;
			children = (
				0497670423CB3B3C003C9CC6 /* AppDelegate.swift */,
				0497670623CB3B3C003C9CC6 /* SceneDelegate.swift */,
				0497670823CB3B3C003C9CC6 /* UIKit.swift */,
				046069B325D460E000268F73 /* SwiftUI.swift */,
				0497670A23CB3B3C003C9CC6 /* Main.storyboard */,
				0497670D23CB3B3D003C9CC6 /* Assets.xcassets */,
				0497670F23CB3B3D003C9CC6 /* LaunchScreen.storyboard */,
				0497671223CB3B3D003C9CC6 /* Info.plist */,
			);
			path = HELPER;
			sourceTree = "<group>";
		};
		04F7B0F0245A0CD900A4D581 /* Products */ = {
			isa = PBXGroup;
			children = (
				04F7B0F4245A0CD900A4D581 /* API_Practice.app */,
			);
			name = Products;
			sourceTree = "<group>";
		};
/* End PBXGroup section */

/* Begin PBXNativeTarget section */
		0497670023CB3B3C003C9CC6 /* HELPER */ = {
			isa = PBXNativeTarget;
			buildConfigurationList = 0497671523CB3B3D003C9CC6 /* Build configuration list for PBXNativeTarget "HELPER" */;
			buildPhases = (
				049766FD23CB3B3C003C9CC6 /* Sources */,
				049766FE23CB3B3C003C9CC6 /* Frameworks */,
				049766FF23CB3B3C003C9CC6 /* Resources */,
			);
			buildRules = (
			);
			dependencies = (
			);
			name = HELPER;
			productName = HELPER;
			productReference = 0497670123CB3B3C003C9CC6 /* HELPER.app */;
			productType = "com.apple.product-type.application";
		};
/* End PBXNativeTarget section */

/* Begin PBXProject section */
		049766F923CB3B3C003C9CC6 /* Project object */ = {
			isa = PBXProject;
			attributes = {
				LastSwiftUpdateCheck = 1110;
				LastUpgradeCheck = 1110;
				ORGANIZATIONNAME = BOGACHEVWV;
				TargetAttributes = {
					0497670023CB3B3C003C9CC6 = {
						CreatedOnToolsVersion = 11.1;
					};
				};
			};
			buildConfigurationList = 049766FC23CB3B3C003C9CC6 /* Build configuration list for PBXProject "HELPER" */;
			compatibilityVersion = "Xcode 9.3";
			developmentRegion = en;
			hasScannedForEncodings = 0;
			knownRegions = (
				en,
				Base,
			);
			mainGroup = 049766F823CB3B3C003C9CC6;
			productRefGroup = 0497670223CB3B3C003C9CC6 /* Products */;
			projectDirPath = "";
			projectReferences = (
				{
					ProductGroup = 04F7B0F0245A0CD900A4D581 /* Products */;
					ProjectRef = 04F7B0EF245A0CD900A4D581 /* API_Practice.xcodeproj */;
				},
			);
			projectRoot = "";
			targets = (
				0497670023CB3B3C003C9CC6 /* HELPER */,
			);
		};
/* End PBXProject section */

/* Begin PBXReferenceProxy section */
		04F7B0F4245A0CD900A4D581 /* API_Practice.app */ = {
			isa = PBXReferenceProxy;
			fileType = wrapper.application;
			path = API_Practice.app;
			remoteRef = 04F7B0F3245A0CD900A4D581 /* PBXContainerItemProxy */;
			sourceTree = BUILT_PRODUCTS_DIR;
		};
/* End PBXReferenceProxy section */

/* Begin PBXResourcesBuildPhase section */
		049766FF23CB3B3C003C9CC6 /* Resources */ = {
			isa = PBXResourcesBuildPhase;
			buildActionMask = 2147483647;
			files = (
				0497671123CB3B3D003C9CC6 /* LaunchScreen.storyboard in Resources */,
				0497670E23CB3B3D003C9CC6 /* Assets.xcassets in Resources */,
				0497670C23CB3B3C003C9CC6 /* Main.storyboard in Resources */,
			);
			runOnlyForDeploymentPostprocessing = 0;
		};
/* End PBXResourcesBuildPhase section */

/* Begin PBXSourcesBuildPhase section */
		049766FD23CB3B3C003C9CC6 /* Sources */ = {
			isa = PBXSourcesBuildPhase;
			buildActionMask = 2147483647;
			files = (
				0497670923CB3B3C003C9CC6 /* UIKit.swift in Sources */,
				0497670523CB3B3C003C9CC6 /* AppDelegate.swift in Sources */,
				0497670723CB3B3C003C9CC6 /* SceneDelegate.swift in Sources */,
				046069B425D460E000268F73 /* SwiftUI.swift in Sources */,
			);
			runOnlyForDeploymentPostprocessing = 0;
		};
/* End PBXSourcesBuildPhase section */

/* Begin PBXVariantGroup section */
		0497670A23CB3B3C003C9CC6 /* Main.storyboard */ = {
			isa = PBXVariantGroup;
			children = (
				0497670B23CB3B3C003C9CC6 /* Base */,
			);
			name = Main.storyboard;
			sourceTree = "<group>";
		};
		0497670F23CB3B3D003C9CC6 /* LaunchScreen.storyboard */ = {
			isa = PBXVariantGroup;
			children = (
				0497671023CB3B3D003C9CC6 /* Base */,
			);
			name = LaunchScreen.storyboard;
			sourceTree = "<group>";
		};
/* End PBXVariantGroup section */

/* Begin XCBuildConfiguration section */
		0497671323CB3B3D003C9CC6 /* Debug */ = {
			isa = XCBuildConfiguration;
			buildSettings = {
				ALWAYS_SEARCH_USER_PATHS = NO;
				CLANG_ANALYZER_NONNULL = YES;
				CLANG_ANALYZER_NUMBER_OBJECT_CONVERSION = YES_AGGRESSIVE;
				CLANG_CXX_LANGUAGE_STANDARD = "gnu++14";
				CLANG_CXX_LIBRARY = "libc++";
				CLANG_ENABLE_MODULES = YES;
				CLANG_ENABLE_OBJC_ARC = YES;
				CLANG_ENABLE_OBJC_WEAK = YES;
				CLANG_WARN_BLOCK_CAPTURE_AUTORELEASING = YES;
				CLANG_WARN_BOOL_CONVERSION = YES;
				CLANG_WARN_COMMA = YES;
				CLANG_WARN_CONSTANT_CONVERSION = YES;
				CLANG_WARN_DEPRECATED_OBJC_IMPLEMENTATIONS = YES;
				CLANG_WARN_DIRECT_OBJC_ISA_USAGE = YES_ERROR;
				CLANG_WARN_DOCUMENTATION_COMMENTS = YES;
				CLANG_WARN_EMPTY_BODY = YES;
				CLANG_WARN_ENUM_CONVERSION = YES;
				CLANG_WARN_INFINITE_RECURSION = YES;
				CLANG_WARN_INT_CONVERSION = YES;
				CLANG_WARN_NON_LITERAL_NULL_CONVERSION = YES;
				CLANG_WARN_OBJC_IMPLICIT_RETAIN_SELF = YES;
				CLANG_WARN_OBJC_LITERAL_CONVERSION = YES;
				CLANG_WARN_OBJC_ROOT_CLASS = YES_ERROR;
				CLANG_WARN_RANGE_LOOP_ANALYSIS = YES;
				CLANG_WARN_STRICT_PROTOTYPES = YES;
				CLANG_WARN_SUSPICIOUS_MOVE = YES;
				CLANG_WARN_UNGUARDED_AVAILABILITY = YES_AGGRESSIVE;
				CLANG_WARN_UNREACHABLE_CODE = YES;
				CLANG_WARN__DUPLICATE_METHOD_MATCH = YES;
				COPY_PHASE_STRIP = NO;
				DEBUG_INFORMATION_FORMAT = dwarf;
				ENABLE_STRICT_OBJC_MSGSEND = YES;
				ENABLE_TESTABILITY = YES;
				GCC_C_LANGUAGE_STANDARD = gnu11;
				GCC_DYNAMIC_NO_PIC = NO;
				GCC_NO_COMMON_BLOCKS = YES;
				GCC_OPTIMIZATION_LEVEL = 0;
				GCC_PREPROCESSOR_DEFINITIONS = (
					"DEBUG=1",
					"$(inherited)",
				);
				GCC_WARN_64_TO_32_BIT_CONVERSION = YES;
				GCC_WARN_ABOUT_RETURN_TYPE = YES_ERROR;
				GCC_WARN_UNDECLARED_SELECTOR = YES;
				GCC_WARN_UNINITIALIZED_AUTOS = YES_AGGRESSIVE;
				GCC_WARN_UNUSED_FUNCTION = YES;
				GCC_WARN_UNUSED_VARIABLE = YES;
				IPHONEOS_DEPLOYMENT_TARGET = 13.1;
				MTL_ENABLE_DEBUG_INFO = INCLUDE_SOURCE;
				MTL_FAST_MATH = YES;
				ONLY_ACTIVE_ARCH = YES;
				SDKROOT = iphoneos;
				SWIFT_ACTIVE_COMPILATION_CONDITIONS = DEBUG;
				SWIFT_OPTIMIZATION_LEVEL = "-Onone";
			};
			name = Debug;
		};
		0497671423CB3B3D003C9CC6 /* Release */ = {
			isa = XCBuildConfiguration;
			buildSettings = {
				ALWAYS_SEARCH_USER_PATHS = NO;
				CLANG_ANALYZER_NONNULL = YES;
				CLANG_ANALYZER_NUMBER_OBJECT_CONVERSION = YES_AGGRESSIVE;
				CLANG_CXX_LANGUAGE_STANDARD = "gnu++14";
				CLANG_CXX_LIBRARY = "libc++";
				CLANG_ENABLE_MODULES = YES;
				CLANG_ENABLE_OBJC_ARC = YES;
				CLANG_ENABLE_OBJC_WEAK = YES;
				CLANG_WARN_BLOCK_CAPTURE_AUTORELEASING = YES;
				CLANG_WARN_BOOL_CONVERSION = YES;
				CLANG_WARN_COMMA = YES;
				CLANG_WARN_CONSTANT_CONVERSION = YES;
				CLANG_WARN_DEPRECATED_OBJC_IMPLEMENTATIONS = YES;
				CLANG_WARN_DIRECT_OBJC_ISA_USAGE = YES_ERROR;
				CLANG_WARN_DOCUMENTATION_COMMENTS = YES;
				CLANG_WARN_EMPTY_BODY = YES;
				CLANG_WARN_ENUM_CONVERSION = YES;
				CLANG_WARN_INFINITE_RECURSION = YES;
				CLANG_WARN_INT_CONVERSION = YES;
				CLANG_WARN_NON_LITERAL_NULL_CONVERSION = YES;
				CLANG_WARN_OBJC_IMPLICIT_RETAIN_SELF = YES;
				CLANG_WARN_OBJC_LITERAL_CONVERSION = YES;
				CLANG_WARN_OBJC_ROOT_CLASS = YES_ERROR;
				CLANG_WARN_RANGE_LOOP_ANALYSIS = YES;
				CLANG_WARN_STRICT_PROTOTYPES = YES;
				CLANG_WARN_SUSPICIOUS_MOVE = YES;
				CLANG_WARN_UNGUARDED_AVAILABILITY = YES_AGGRESSIVE;
				CLANG_WARN_UNREACHABLE_CODE = YES;
				CLANG_WARN__DUPLICATE_METHOD_MATCH = YES;
				COPY_PHASE_STRIP = NO;
				DEBUG_INFORMATION_FORMAT = "dwarf-with-dsym";
				ENABLE_NS_ASSERTIONS = NO;
				ENABLE_STRICT_OBJC_MSGSEND = YES;
				GCC_C_LANGUAGE_STANDARD = gnu11;
				GCC_NO_COMMON_BLOCKS = YES;
				GCC_WARN_64_TO_32_BIT_CONVERSION = YES;
				GCC_WARN_ABOUT_RETURN_TYPE = YES_ERROR;
				GCC_WARN_UNDECLARED_SELECTOR = YES;
				GCC_WARN_UNINITIALIZED_AUTOS = YES_AGGRESSIVE;
				GCC_WARN_UNUSED_FUNCTION = YES;
				GCC_WARN_UNUSED_VARIABLE = YES;
				IPHONEOS_DEPLOYMENT_TARGET = 13.1;
				MTL_ENABLE_DEBUG_INFO = NO;
				MTL_FAST_MATH = YES;
				SDKROOT = iphoneos;
				SWIFT_COMPILATION_MODE = wholemodule;
				SWIFT_OPTIMIZATION_LEVEL = "-O";
				VALIDATE_PRODUCT = YES;
			};
			name = Release;
		};
		0497671623CB3B3D003C9CC6 /* Debug */ = {
			isa = XCBuildConfiguration;
			buildSettings = {
				ASSETCATALOG_COMPILER_APPICON_NAME = AppIcon;
				CODE_SIGN_STYLE = Automatic;
				DEVELOPMENT_TEAM = 9AWRB657K9;
				INFOPLIST_FILE = HELPER/Info.plist;
				LD_RUNPATH_SEARCH_PATHS = (
					"$(inherited)",
					"@executable_path/Frameworks",
				);
				PRODUCT_BUNDLE_IDENTIFIER = BOGACHEVWV.HELPER;
				PRODUCT_NAME = "$(TARGET_NAME)";
				SWIFT_VERSION = 5.0;
				TARGETED_DEVICE_FAMILY = "1,2";
			};
			name = Debug;
		};
		0497671723CB3B3D003C9CC6 /* Release */ = {
			isa = XCBuildConfiguration;
			buildSettings = {
				ASSETCATALOG_COMPILER_APPICON_NAME = AppIcon;
				CODE_SIGN_STYLE = Automatic;
				DEVELOPMENT_TEAM = 9AWRB657K9;
				INFOPLIST_FILE = HELPER/Info.plist;
				LD_RUNPATH_SEARCH_PATHS = (
					"$(inherited)",
					"@executable_path/Frameworks",
				);
				PRODUCT_BUNDLE_IDENTIFIER = BOGACHEVWV.HELPER;
				PRODUCT_NAME = "$(TARGET_NAME)";
				SWIFT_VERSION = 5.0;
				TARGETED_DEVICE_FAMILY = "1,2";
			};
			name = Release;
		};
/* End XCBuildConfiguration section */

/* Begin XCConfigurationList section */
		049766FC23CB3B3C003C9CC6 /* Build configuration list for PBXProject "HELPER" */ = {
			isa = XCConfigurationList;
			buildConfigurations = (
				0497671323CB3B3D003C9CC6 /* Debug */,
				0497671423CB3B3D003C9CC6 /* Release */,
			);
			defaultConfigurationIsVisible = 0;
			defaultConfigurationName = Release;
		};
		0497671523CB3B3D003C9CC6 /* Build configuration list for PBXNativeTarget "HELPER" */ = {
			isa = XCConfigurationList;
			buildConfigurations = (
				0497671623CB3B3D003C9CC6 /* Debug */,
				0497671723CB3B3D003C9CC6 /* Release */,
			);
			defaultConfigurationIsVisible = 0;
			defaultConfigurationName = Release;
		};
/* End XCConfigurationList section */
	};
	rootObject = 049766F923CB3B3C003C9CC6 /* Project object */;
}
